{
  "name": "lambda-fb-accounts",
  "version": "1.0.0",
  "lockfileVersion": 1,
  "requires": true,
  "dependencies": {
    "@bausano/data-structures": {
      "version": "1.0.3",
      "resolved": "https://registry.npmjs.org/@bausano/data-structures/-/data-structures-1.0.3.tgz",
      "integrity": "sha512-/imPxBXLnsriICW1yXWDZe+Mc60ue/weDtrp8LQXRyuhNt4sdDdYO+Wmh9TGepMnn4Q30LX6O33MqEB5PF9kLA=="
    },
    "awi": {
      "version": "0.0.10",
      "resolved": "https://registry.npmjs.org/awi/-/awi-0.0.10.tgz",
      "integrity": "sha512-xdSnJMfCUUe8qQyC+mzyuj5eNJU0Oeda+2toXbG7f+SbicS00CIwUIWdA/p3PBn0BX/QQMxZfKUzIhYTARjtJg==",
      "requires": {
        "@bausano/data-structures": "^1.0.3"
      }
    }
  }
}
